
Microsoft Visual Studio Solution File, Format Version 12.00
# Visual Studio 2013
VisualStudioVersion = 12.0.21005.1
MinimumVisualStudioVersion = 10.0.40219.1
Project("{FAE04EC0-301F-11D3-BF4B-00C04F79EFBC}") = "WpfApplication1", "WpfApplication1\WpfApplication1.csproj", "{47057E9E-EE0E-41D5-BA9E-28B0DB92725B}"
EndProject
Project("{FAE04EC0-301F-11D3-BF4B-00C04F79EFBC}") = "MLL", "MLL\MLL.csproj", "{B354A6D3-8FD7-4357-9D7E-50558178DA71}"
EndProject
Global
	GlobalSection(SolutionConfigurationPlatforms) = preSolution
		Debug|Any CPU = Debug|Any CPU
		Release|Any CPU = Release|Any CPU
	EndGlobalSection
	GlobalSection(ProjectConfigurationPlatforms) = postSolution
		{47057E9E-EE0E-41D5-BA9E-28B0DB92725B}.Debug|Any CPU.ActiveCfg = Debug|Any CPU
		{47057E9E-EE0E-41D5-BA9E-28B0DB92725B}.Debug|Any CPU.Build.0 = Debug|Any CPU
		{47057E9E-EE0E-41D5-BA9E-28B0DB92725B}.Release|Any CPU.ActiveCfg = Release|Any CPU
		{47057E9E-EE0E-41D5-BA9E-28B0DB92725B}.Release|Any CPU.Build.0 = Release|Any CPU
		{B354A6D3-8FD7-4357-9D7E-50558178DA71}.Debug|Any CPU.ActiveCfg = Debug|Any CPU
		{B354A6D3-8FD7-4357-9D7E-50558178DA71}.Debug|Any CPU.Build.0 = Debug|Any CPU
		{B354A6D3-8FD7-4357-9D7E-50558178DA71}.Release|Any CPU.ActiveCfg = Release|Any CPU
		{B354A6D3-8FD7-4357-9D7E-50558178DA71}.Release|Any CPU.Build.0 = Release|Any CPU
	EndGlobalSection
	GlobalSection(SolutionProperties) = preSolution
		HideSolutionNode = FALSE
	EndGlobalSection
EndGlobal
